Microsoft Visual Studio Solution File, Format Version 11.00
# Visual Studio 2008

Project("{D8AB26D9-0B03-7ED3-5520-CAF10692C4B2}") = "2016Dec10_2", "Assembly-CSharp-firstpass.csproj", "{72E7F032-769A-56A9-7432-0A5C66722C14}"
EndProject
Project("{D8AB26D9-0B03-7ED3-5520-CAF10692C4B2}") = "2016Dec10_2", "Assembly-CSharp.csproj", "{6C73A3A1-9F60-35BA-21F3-2372529476C0}"
EndProject
Project("{D8AB26D9-0B03-7ED3-5520-CAF10692C4B2}") = "2016Dec10_2", "Assembly-CSharp-Editor.csproj", "{360030CC-D2DC-69E4-9643-FED83900248D}"
EndProject
Global
	GlobalSection(SolutionConfigurationPlatforms) = preSolution
		Debug|Any CPU = Debug|Any CPU
		Release|Any CPU = Release|Any CPU
	EndGlobalSection
	GlobalSection(ProjectConfigurationPlatforms) = postSolution
		{72E7F032-769A-56A9-7432-0A5C66722C14}.Debug|Any CPU.ActiveCfg = Debug|Any CPU
		{72E7F032-769A-56A9-7432-0A5C66722C14}.Debug|Any CPU.Build.0 = Debug|Any CPU
		{72E7F032-769A-56A9-7432-0A5C66722C14}.Release|Any CPU.ActiveCfg = Release|Any CPU
		{72E7F032-769A-56A9-7432-0A5C66722C14}.Release|Any CPU.Build.0 = Release|Any CPU
		{6C73A3A1-9F60-35BA-21F3-2372529476C0}.Debug|Any CPU.ActiveCfg = Debug|Any CPU
		{6C73A3A1-9F60-35BA-21F3-2372529476C0}.Debug|Any CPU.Build.0 = Debug|Any CPU
		{6C73A3A1-9F60-35BA-21F3-2372529476C0}.Release|Any CPU.ActiveCfg = Release|Any CPU
		{6C73A3A1-9F60-35BA-21F3-2372529476C0}.Release|Any CPU.Build.0 = Release|Any CPU
		{360030CC-D2DC-69E4-9643-FED83900248D}.Debug|Any CPU.ActiveCfg = Debug|Any CPU
		{360030CC-D2DC-69E4-9643-FED83900248D}.Debug|Any CPU.Build.0 = Debug|Any CPU
		{360030CC-D2DC-69E4-9643-FED83900248D}.Release|Any CPU.ActiveCfg = Release|Any CPU
		{360030CC-D2DC-69E4-9643-FED83900248D}.Release|Any CPU.Build.0 = Release|Any CPU
	EndGlobalSection
	GlobalSection(SolutionProperties) = preSolution
		HideSolutionNode = FALSE
	EndGlobalSection
						GlobalSection(MonoDevelopProperties) = preSolution
		StartupItem = Assembly-CSharp.csproj
		Policies = $0
		$0.TextStylePolicy = $1
		$1.inheritsSet = null
		$1.scope = text/x-csharp
		$0.CSharpFormattingPolicy = $2
		$2.inheritsSet = Mono
		$2.inheritsScope = text/x-csharp
		$2.scope = text/x-csharp
		$0.TextStylePolicy = $3
		$3.FileWidth = 120
		$3.TabWidth = 4
		$3.IndentWidth = 4
		$3.EolMarker = Unix
		$3.inheritsSet = Mono
		$3.inheritsScope = text/plain
		$3.scope = text/plain
	EndGlobalSection
EndGlobal
